
Microsoft Visual Studio Solution File, Format Version 12.00
# Visual Studio 15
VisualStudioVersion = 15.0.28307.572
MinimumVisualStudioVersion = 10.0.40219.1
Project("{FAE04EC0-301F-11D3-BF4B-00C04F79EFBC}") = "Cloudmarket.Web", "Cloudmarket\Cloudmarket.Web.csproj", "{03D735C8-A413-48A6-8F65-9E9BD0BFF189}"
EndProject
Project("{FAE04EC0-301F-11D3-BF4B-00C04F79EFBC}") = "Cloudmarket.Tests", "Cloudmarket.Tests\Cloudmarket.Tests.csproj", "{200E345C-C098-450E-9C00-B46232BAD26A}"
EndProject
Project("{2150E333-8FDC-42A3-9474-1A3956D46DE8}") = "1 - Web", "1 - Web", "{0C4AFBD4-6C53-4B0A-9F53-2FB45740D211}"
EndProject
Project("{2150E333-8FDC-42A3-9474-1A3956D46DE8}") = "4 - Infra", "4 - Infra", "{9975A3E5-57BB-4561-A211-EF48D018FD06}"
EndProject
Project("{FAE04EC0-301F-11D3-BF4B-00C04F79EFBC}") = "Cloudmarket.Infra", "Repository\Cloudmarket.Infra.csproj", "{39FBF508-7DC5-4DCF-93D0-C6FA230BCDEB}"
EndProject
Project("{2150E333-8FDC-42A3-9474-1A3956D46DE8}") = "3 - Domain", "3 - Domain", "{B8F0D462-A484-4A7C-B9D6-6B6C86CD4F69}"
EndProject
Project("{FAE04EC0-301F-11D3-BF4B-00C04F79EFBC}") = "Cloudmarket.Domain", "Domain\Cloudmarket.Domain.csproj", "{515B7708-43E4-4BC2-BBF2-0BDC9AE5AC1E}"
EndProject
Project("{2150E333-8FDC-42A3-9474-1A3956D46DE8}") = "2 - Application", "2 - Application", "{B1983DD4-F15D-4547-A415-6E906BFBF999}"
EndProject
Project("{FAE04EC0-301F-11D3-BF4B-00C04F79EFBC}") = "Cloudmarket.Application", "Cloudmarket.Application\Cloudmarket.Application.csproj", "{4D62EE65-A1C3-4296-BB84-9F6032A9FE2C}"
EndProject
Global
	GlobalSection(SolutionConfigurationPlatforms) = preSolution
		Debug|Any CPU = Debug|Any CPU
		Release|Any CPU = Release|Any CPU
	EndGlobalSection
	GlobalSection(ProjectConfigurationPlatforms) = postSolution
		{03D735C8-A413-48A6-8F65-9E9BD0BFF189}.Debug|Any CPU.ActiveCfg = Debug|Any CPU
		{03D735C8-A413-48A6-8F65-9E9BD0BFF189}.Debug|Any CPU.Build.0 = Debug|Any CPU
		{03D735C8-A413-48A6-8F65-9E9BD0BFF189}.Release|Any CPU.ActiveCfg = Release|Any CPU
		{03D735C8-A413-48A6-8F65-9E9BD0BFF189}.Release|Any CPU.Build.0 = Release|Any CPU
		{200E345C-C098-450E-9C00-B46232BAD26A}.Debug|Any CPU.ActiveCfg = Debug|Any CPU
		{200E345C-C098-450E-9C00-B46232BAD26A}.Debug|Any CPU.Build.0 = Debug|Any CPU
		{200E345C-C098-450E-9C00-B46232BAD26A}.Release|Any CPU.ActiveCfg = Release|Any CPU
		{200E345C-C098-450E-9C00-B46232BAD26A}.Release|Any CPU.Build.0 = Release|Any CPU
		{39FBF508-7DC5-4DCF-93D0-C6FA230BCDEB}.Debug|Any CPU.ActiveCfg = Debug|Any CPU
		{39FBF508-7DC5-4DCF-93D0-C6FA230BCDEB}.Debug|Any CPU.Build.0 = Debug|Any CPU
		{39FBF508-7DC5-4DCF-93D0-C6FA230BCDEB}.Release|Any CPU.ActiveCfg = Release|Any CPU
		{39FBF508-7DC5-4DCF-93D0-C6FA230BCDEB}.Release|Any CPU.Build.0 = Release|Any CPU
		{515B7708-43E4-4BC2-BBF2-0BDC9AE5AC1E}.Debug|Any CPU.ActiveCfg = Debug|Any CPU
		{515B7708-43E4-4BC2-BBF2-0BDC9AE5AC1E}.Debug|Any CPU.Build.0 = Debug|Any CPU
		{515B7708-43E4-4BC2-BBF2-0BDC9AE5AC1E}.Release|Any CPU.ActiveCfg = Release|Any CPU
		{515B7708-43E4-4BC2-BBF2-0BDC9AE5AC1E}.Release|Any CPU.Build.0 = Release|Any CPU
		{4D62EE65-A1C3-4296-BB84-9F6032A9FE2C}.Debug|Any CPU.ActiveCfg = Debug|Any CPU
		{4D62EE65-A1C3-4296-BB84-9F6032A9FE2C}.Debug|Any CPU.Build.0 = Debug|Any CPU
		{4D62EE65-A1C3-4296-BB84-9F6032A9FE2C}.Release|Any CPU.ActiveCfg = Release|Any CPU
		{4D62EE65-A1C3-4296-BB84-9F6032A9FE2C}.Release|Any CPU.Build.0 = Release|Any CPU
	EndGlobalSection
	GlobalSection(SolutionProperties) = preSolution
		HideSolutionNode = FALSE
	EndGlobalSection
	GlobalSection(NestedProjects) = preSolution
		{03D735C8-A413-48A6-8F65-9E9BD0BFF189} = {0C4AFBD4-6C53-4B0A-9F53-2FB45740D211}
		{39FBF508-7DC5-4DCF-93D0-C6FA230BCDEB} = {9975A3E5-57BB-4561-A211-EF48D018FD06}
		{515B7708-43E4-4BC2-BBF2-0BDC9AE5AC1E} = {B8F0D462-A484-4A7C-B9D6-6B6C86CD4F69}
		{4D62EE65-A1C3-4296-BB84-9F6032A9FE2C} = {B1983DD4-F15D-4547-A415-6E906BFBF999}
	EndGlobalSection
	GlobalSection(ExtensibilityGlobals) = postSolution
		SolutionGuid = {DAD3272D-98FF-4DA4-974E-1536B455AB24}
	EndGlobalSection
EndGlobal
